
Microsoft Visual Studio Solution File, Format Version 11.00
# Visual Studio 2010
Project("{FAE04EC0-301F-11D3-BF4B-00C04F79EFBC}") = "PhotonUnityNetworking.Demos", "PhotonUnityNetworking.Demos.csproj", "{2C22FBF5-A52B-3CC4-81E6-7B66F3C3D19C}"
EndProject
Project("{FAE04EC0-301F-11D3-BF4B-00C04F79EFBC}") = "PhotonUnityNetworking.Utilities", "PhotonUnityNetworking.Utilities.csproj", "{29CAF81B-CEFA-5936-B212-51C3E208BC88}"
EndProject
Project("{FAE04EC0-301F-11D3-BF4B-00C04F79EFBC}") = "Assembly-CSharp", "Assembly-CSharp.csproj", "{87043E46-BD8B-B1C1-6E33-17A6D6A372AA}"
EndProject
Project("{FAE04EC0-301F-11D3-BF4B-00C04F79EFBC}") = "BitpackersASMDEF", "BitpackersASMDEF.csproj", "{4012A32D-99AD-970F-2D3A-9C1F58281BC7}"
EndProject
Project("{FAE04EC0-301F-11D3-BF4B-00C04F79EFBC}") = "EmoCompressUtilsASMDEF", "EmoCompressUtilsASMDEF.csproj", "{FE6CCFBF-DE7C-A53B-1312-AF1ED54CECEA}"
EndProject
Project("{FAE04EC0-301F-11D3-BF4B-00C04F79EFBC}") = "PhotonChat", "PhotonChat.csproj", "{29C74B9E-A813-5F9B-6E5B-35F3AAA401C4}"
EndProject
Project("{FAE04EC0-301F-11D3-BF4B-00C04F79EFBC}") = "PhotonUnityNetworking", "PhotonUnityNetworking.csproj", "{935785AB-B83D-8E50-3B11-1A96B2E7B5CC}"
EndProject
Project("{FAE04EC0-301F-11D3-BF4B-00C04F79EFBC}") = "PhotonRealtime", "PhotonRealtime.csproj", "{6CF902C8-2A19-43AA-018A-FFBF2A81EDA0}"
EndProject
Project("{FAE04EC0-301F-11D3-BF4B-00C04F79EFBC}") = "HalfFloatASMDEF", "HalfFloatASMDEF.csproj", "{B3CBE970-CE20-F415-704A-A2E88BD90377}"
EndProject
Project("{FAE04EC0-301F-11D3-BF4B-00C04F79EFBC}") = "PhotonUnityNetworking.Editor", "PhotonUnityNetworking.Editor.csproj", "{8FD9B78D-2A49-7036-EC75-4465DD160EA3}"
EndProject
Project("{FAE04EC0-301F-11D3-BF4B-00C04F79EFBC}") = "PunDemos.DemoHubEditor", "PunDemos.DemoHubEditor.csproj", "{63185063-78A4-4F35-C2F9-93987FD047F8}"
EndProject
Project("{FAE04EC0-301F-11D3-BF4B-00C04F79EFBC}") = "PhotonUnityNetworking.Utilities.PhotonPlayer.Editor", "PhotonUnityNetworking.Utilities.PhotonPlayer.Editor.csproj", "{AC926252-14B4-6A60-E787-CF8283A4DE7F}"
EndProject
Project("{FAE04EC0-301F-11D3-BF4B-00C04F79EFBC}") = "PhotonUnityNetworking.Utilities.Culling.Editor", "PhotonUnityNetworking.Utilities.Culling.Editor.csproj", "{63F9FAD7-7024-80C3-E753-E6ABA403C835}"
EndProject
Project("{FAE04EC0-301F-11D3-BF4B-00C04F79EFBC}") = "Assembly-CSharp-Editor", "Assembly-CSharp-Editor.csproj", "{90C5A79F-B249-D43B-1431-288EC77FDD7E}"
EndProject
Project("{FAE04EC0-301F-11D3-BF4B-00C04F79EFBC}") = "PunDemos.DemoSlotcarEditor", "PunDemos.DemoSlotcarEditor.csproj", "{1E57034C-86D9-2E2A-910E-073C4CDBF4D1}"
EndProject
Global
	GlobalSection(SolutionConfigurationPlatforms) = preSolution
		Debug|Any CPU = Debug|Any CPU
		Release|Any CPU = Release|Any CPU
	EndGlobalSection
	GlobalSection(ProjectConfigurationPlatforms) = postSolution
		{2C22FBF5-A52B-3CC4-81E6-7B66F3C3D19C}.Debug|Any CPU.ActiveCfg = Debug|Any CPU
		{2C22FBF5-A52B-3CC4-81E6-7B66F3C3D19C}.Debug|Any CPU.Build.0 = Debug|Any CPU
		{2C22FBF5-A52B-3CC4-81E6-7B66F3C3D19C}.Release|Any CPU.ActiveCfg = Release|Any CPU
		{2C22FBF5-A52B-3CC4-81E6-7B66F3C3D19C}.Release|Any CPU.Build.0 = Release|Any CPU
		{29CAF81B-CEFA-5936-B212-51C3E208BC88}.Debug|Any CPU.ActiveCfg = Debug|Any CPU
		{29CAF81B-CEFA-5936-B212-51C3E208BC88}.Debug|Any CPU.Build.0 = Debug|Any CPU
		{29CAF81B-CEFA-5936-B212-51C3E208BC88}.Release|Any CPU.ActiveCfg = Release|Any CPU
		{29CAF81B-CEFA-5936-B212-51C3E208BC88}.Release|Any CPU.Build.0 = Release|Any CPU
		{87043E46-BD8B-B1C1-6E33-17A6D6A372AA}.Debug|Any CPU.ActiveCfg = Debug|Any CPU
		{87043E46-BD8B-B1C1-6E33-17A6D6A372AA}.Debug|Any CPU.Build.0 = Debug|Any CPU
		{87043E46-BD8B-B1C1-6E33-17A6D6A372AA}.Release|Any CPU.ActiveCfg = Release|Any CPU
		{87043E46-BD8B-B1C1-6E33-17A6D6A372AA}.Release|Any CPU.Build.0 = Release|Any CPU
		{4012A32D-99AD-970F-2D3A-9C1F58281BC7}.Debug|Any CPU.ActiveCfg = Debug|Any CPU
		{4012A32D-99AD-970F-2D3A-9C1F58281BC7}.Debug|Any CPU.Build.0 = Debug|Any CPU
		{4012A32D-99AD-970F-2D3A-9C1F58281BC7}.Release|Any CPU.ActiveCfg = Release|Any CPU
		{4012A32D-99AD-970F-2D3A-9C1F58281BC7}.Release|Any CPU.Build.0 = Release|Any CPU
		{FE6CCFBF-DE7C-A53B-1312-AF1ED54CECEA}.Debug|Any CPU.ActiveCfg = Debug|Any CPU
		{FE6CCFBF-DE7C-A53B-1312-AF1ED54CECEA}.Debug|Any CPU.Build.0 = Debug|Any CPU
		{FE6CCFBF-DE7C-A53B-1312-AF1ED54CECEA}.Release|Any CPU.ActiveCfg = Release|Any CPU
		{FE6CCFBF-DE7C-A53B-1312-AF1ED54CECEA}.Release|Any CPU.Build.0 = Release|Any CPU
		{29C74B9E-A813-5F9B-6E5B-35F3AAA401C4}.Debug|Any CPU.ActiveCfg = Debug|Any CPU
		{29C74B9E-A813-5F9B-6E5B-35F3AAA401C4}.Debug|Any CPU.Build.0 = Debug|Any CPU
		{29C74B9E-A813-5F9B-6E5B-35F3AAA401C4}.Release|Any CPU.ActiveCfg = Release|Any CPU
		{29C74B9E-A813-5F9B-6E5B-35F3AAA401C4}.Release|Any CPU.Build.0 = Release|Any CPU
		{935785AB-B83D-8E50-3B11-1A96B2E7B5CC}.Debug|Any CPU.ActiveCfg = Debug|Any CPU
		{935785AB-B83D-8E50-3B11-1A96B2E7B5CC}.Debug|Any CPU.Build.0 = Debug|Any CPU
		{935785AB-B83D-8E50-3B11-1A96B2E7B5CC}.Release|Any CPU.ActiveCfg = Release|Any CPU
		{935785AB-B83D-8E50-3B11-1A96B2E7B5CC}.Release|Any CPU.Build.0 = Release|Any CPU
		{6CF902C8-2A19-43AA-018A-FFBF2A81EDA0}.Debug|Any CPU.ActiveCfg = Debug|Any CPU
		{6CF902C8-2A19-43AA-018A-FFBF2A81EDA0}.Debug|Any CPU.Build.0 = Debug|Any CPU
		{6CF902C8-2A19-43AA-018A-FFBF2A81EDA0}.Release|Any CPU.ActiveCfg = Release|Any CPU
		{6CF902C8-2A19-43AA-018A-FFBF2A81EDA0}.Release|Any CPU.Build.0 = Release|Any CPU
		{B3CBE970-CE20-F415-704A-A2E88BD90377}.Debug|Any CPU.ActiveCfg = Debug|Any CPU
		{B3CBE970-CE20-F415-704A-A2E88BD90377}.Debug|Any CPU.Build.0 = Debug|Any CPU
		{B3CBE970-CE20-F415-704A-A2E88BD90377}.Release|Any CPU.ActiveCfg = Release|Any CPU
		{B3CBE970-CE20-F415-704A-A2E88BD90377}.Release|Any CPU.Build.0 = Release|Any CPU
		{8FD9B78D-2A49-7036-EC75-4465DD160EA3}.Debug|Any CPU.ActiveCfg = Debug|Any CPU
		{8FD9B78D-2A49-7036-EC75-4465DD160EA3}.Debug|Any CPU.Build.0 = Debug|Any CPU
		{8FD9B78D-2A49-7036-EC75-4465DD160EA3}.Release|Any CPU.ActiveCfg = Release|Any CPU
		{8FD9B78D-2A49-7036-EC75-4465DD160EA3}.Release|Any CPU.Build.0 = Release|Any CPU
		{63185063-78A4-4F35-C2F9-93987FD047F8}.Debug|Any CPU.ActiveCfg = Debug|Any CPU
		{63185063-78A4-4F35-C2F9-93987FD047F8}.Debug|Any CPU.Build.0 = Debug|Any CPU
		{63185063-78A4-4F35-C2F9-93987FD047F8}.Release|Any CPU.ActiveCfg = Release|Any CPU
		{63185063-78A4-4F35-C2F9-93987FD047F8}.Release|Any CPU.Build.0 = Release|Any CPU
		{AC926252-14B4-6A60-E787-CF8283A4DE7F}.Debug|Any CPU.ActiveCfg = Debug|Any CPU
		{AC926252-14B4-6A60-E787-CF8283A4DE7F}.Debug|Any CPU.Build.0 = Debug|Any CPU
		{AC926252-14B4-6A60-E787-CF8283A4DE7F}.Release|Any CPU.ActiveCfg = Release|Any CPU
		{AC926252-14B4-6A60-E787-CF8283A4DE7F}.Release|Any CPU.Build.0 = Release|Any CPU
		{63F9FAD7-7024-80C3-E753-E6ABA403C835}.Debug|Any CPU.ActiveCfg = Debug|Any CPU
		{63F9FAD7-7024-80C3-E753-E6ABA403C835}.Debug|Any CPU.Build.0 = Debug|Any CPU
		{63F9FAD7-7024-80C3-E753-E6ABA403C835}.Release|Any CPU.ActiveCfg = Release|Any CPU
		{63F9FAD7-7024-80C3-E753-E6ABA403C835}.Release|Any CPU.Build.0 = Release|Any CPU
		{90C5A79F-B249-D43B-1431-288EC77FDD7E}.Debug|Any CPU.ActiveCfg = Debug|Any CPU
		{90C5A79F-B249-D43B-1431-288EC77FDD7E}.Debug|Any CPU.Build.0 = Debug|Any CPU
		{90C5A79F-B249-D43B-1431-288EC77FDD7E}.Release|Any CPU.ActiveCfg = Release|Any CPU
		{90C5A79F-B249-D43B-1431-288EC77FDD7E}.Release|Any CPU.Build.0 = Release|Any CPU
		{1E57034C-86D9-2E2A-910E-073C4CDBF4D1}.Debug|Any CPU.ActiveCfg = Debug|Any CPU
		{1E57034C-86D9-2E2A-910E-073C4CDBF4D1}.Debug|Any CPU.Build.0 = Debug|Any CPU
		{1E57034C-86D9-2E2A-910E-073C4CDBF4D1}.Release|Any CPU.ActiveCfg = Release|Any CPU
		{1E57034C-86D9-2E2A-910E-073C4CDBF4D1}.Release|Any CPU.Build.0 = Release|Any CPU
	EndGlobalSection
	GlobalSection(SolutionProperties) = preSolution
		HideSolutionNode = FALSE
	EndGlobalSection
EndGlobal
